{
  "version": 4,
  "terraform_version": "1.13.1",
  "serial": 3,
  "lineage": "f0648dce-5f57-2d06-e215-d649f3e762ef",
  "outputs": {
    "cluster_name": {
      "value": "devsu-demo-cluster",
      "type": "string"
    },
    "endpoint": {
      "value": "34.123.154.205",
      "type": "string"
    }
  },
  "resources": [
    {
      "mode": "managed",
      "type": "google_container_cluster",
      "name": "gke",
      "provider": "provider[\"registry.terraform.io/hashicorp/google\"]",
      "instances": [
        {
          "schema_version": 2,
          "attributes": {
            "addons_config": [
              {
                "cloudrun_config": [],
                "config_connector_config": [],
                "dns_cache_config": [],
                "gce_persistent_disk_csi_driver_config": [
                  {
                    "enabled": true
                  }
                ],
                "gcp_filestore_csi_driver_config": [],
                "gcs_fuse_csi_driver_config": [],
                "gke_backup_agent_config": [],
                "horizontal_pod_autoscaling": [],
                "http_load_balancing": [],
                "network_policy_config": [
                  {
                    "disabled": true
                  }
                ],
                "ray_operator_config": [],
                "stateful_ha_config": []
              }
            ],
            "allow_net_admin": null,
            "authenticator_groups_config": [],
            "binary_authorization": [
              {
                "enabled": false,
                "evaluation_mode": ""
              }
            ],
            "cluster_autoscaling": [
              {
                "auto_provisioning_defaults": [],
                "auto_provisioning_locations": [],
                "autoscaling_profile": "BALANCED",
                "enabled": false,
                "resource_limits": []
              }
            ],
            "cluster_ipv4_cidr": "10.0.0.0/14",
            "confidential_nodes": [],
            "cost_management_config": [],
            "database_encryption": [
              {
                "key_name": "",
                "state": "DECRYPTED"
              }
            ],
            "datapath_provider": "",
            "default_max_pods_per_node": 110,
            "default_snat_status": [
              {
                "disabled": false
              }
            ],
            "deletion_protection": true,
            "description": "",
            "dns_config": [],
            "enable_autopilot": false,
            "enable_cilium_clusterwide_network_policy": false,
            "enable_intranode_visibility": false,
            "enable_k8s_beta_apis": [],
            "enable_kubernetes_alpha": false,
            "enable_l4_ilb_subsetting": false,
            "enable_legacy_abac": false,
            "enable_multi_networking": false,
            "enable_shielded_nodes": true,
            "enable_tpu": false,
            "endpoint": "34.123.154.205",
            "fleet": [],
            "gateway_api_config": [],
            "id": "projects/devsu-examen/locations/us-central1/clusters/devsu-demo-cluster",
            "identity_service_config": [],
            "initial_node_count": 1,
            "ip_allocation_policy": [
              {
                "additional_pod_ranges_config": [],
                "cluster_ipv4_cidr_block": "10.0.0.0/14",
                "cluster_secondary_range_name": "gke-devsu-demo-cluster-pods-611a1e6b",
                "pod_cidr_overprovision_config": [
                  {
                    "disabled": false
                  }
                ],
                "services_ipv4_cidr_block": "34.118.224.0/20",
                "services_secondary_range_name": "",
                "stack_type": "IPV4"
              }
            ],
            "label_fingerprint": "a9dc16a7",
            "location": "us-central1",
            "logging_config": [
              {
                "enable_components": [
                  "SYSTEM_COMPONENTS",
                  "WORKLOADS"
                ]
              }
            ],
            "logging_service": "logging.googleapis.com/kubernetes",
            "maintenance_policy": [],
            "master_auth": [
              {
                "client_certificate": "",
                "client_certificate_config": [
                  {
                    "issue_client_certificate": false
                  }
                ],
                "client_key": "",
                "cluster_ca_certificate": "LS0tLS1CRUdJTiBDRVJUSUZJQ0FURS0tLS0tCk1JSUVMVENDQXBXZ0F3SUJBZ0lSQU02SmM5T1p0SENhTVAxUk9pTWFNRE13RFFZSktvWklodmNOQVFFTEJRQXcKTHpFdE1Dc0dBMVVFQXhNa1lqVXhZelJqWldZdE5EazVaQzAwTTJNNExUaGtNREl0T0RKak1USTVNRFE1TXpreApNQ0FYRFRJMU1USXdOakU1TkRjd01Wb1lEekl3TlRVeE1USTVNakEwTnpBeFdqQXZNUzB3S3dZRFZRUURFeVJpCk5URmpOR05sWmkwME9UbGtMVFF6WXpndE9HUXdNaTA0TW1NeE1qa3dORGt6T1RFd2dnR2lNQTBHQ1NxR1NJYjMKRFFFQkFRVUFBNElCandBd2dnR0tBb0lCZ1FEVEFGU2NrSWUvSGhKMmNzVGVUMnV2S0xqRGlXVUh3THNOWEUyVgplWlhCUmdLK3FlaDJIcExEQW1SdTkyYU40U1kyclBGSmVSSUJxZ1dmRlV2SDlEbTkzZGNoNitJUStlMTJWMlJoCnpZemJvSWVWdEtLb3ZNS01qTzQ0Y3hiWFcyQXdlbUppK3BlZ0plSnROZW9RTnJwUytTeHBzTnlWeWFnc1NMZ0UKVFplejlFV1lkMkRHMFZCcm1mY0JPMWVnb2RTSER5Q3k4SnRibFVOT1NwdDl5RzVNOGlJZnV5Z0oxSjZzaVhoQwpRN1U5Y05yQ1FWRVloTVBtZmhBZUFacDNDdXpjMWpPNXpvWi9KUGFla2cyQzUxUGUySVRUOFc0UUIyakhRLzVyCkMxNjF2clpldjVKbndjQ1l5QXp5QWFRWWIvUlpPdGRtaDZDTWltSDF6NEZXZjZ4bnk4OWpzYko0ajdheWR3U20KVEpSb3dRT3lSMURXNGQvWEN1VTNEbVc0YUI2T05FNlFaM2dpVE5vTUVWdjlyQVJielZPM1FocE9uNjhGUGVJego4QzFMTjhvUTZxY0x3ZmsvN2hvNzN4TGdiQ2RtQ3Z4eVVrUkR2M1Fkb3JHZmZJRHVBUHVMZ2plTE9ieXBtamhLCkJNZC81YzF3WFZtV3pKaE82VzJmUU1HSVQya0NBd0VBQWFOQ01FQXdEZ1lEVlIwUEFRSC9CQVFEQWdJRU1BOEcKQTFVZEV3RUIvd1FGTUFNQkFmOHdIUVlEVlIwT0JCWUVGT1lRYTR3djA5Rm1odFlpQlVUWXphNngyeGYwTUEwRwpDU3FHU0liM0RRRUJDd1VBQTRJQmdRQ1ZWeWd1aVhkc0piY3BqV09HcjJ1U0NtVXE0d09rNStpK0R4SW5YYkEyClZzQzUvR2ozems5Zm4xSUY1Vm9TSTgxb1NlMnMwN0pxemZXUStTZEtNYjdCMmF3WVRNNzU5dnRLcUd0dWVTRlcKalQ5RzJXOWVEeXI3ZUdYcXUvUUxqdTFSN3dGL1M4Qkl5enRzcEovSUNVUGNua1czMHJla2xuekJrRUZBTEVOcwphZ3JYUy9OR0M0Ymg0dmtRRkhHSW1NL3o5cEVnUnl2bC9OTW5TbmxwK2tZODZBZy9RekpNZlVKT2FBd09ERXR6CjBPcW03WmVuNW1lR3loQmVWVHM3ekZObUlteC9RZUpjR3F0c2RIdXJmUHhxbEtVV2lPMXUxQ0pWQnlNN1JCWDYKcjcxMHYrc3JUUS9RYlg4WVhPT0dMUGdML3o2bzcyVy9VMVBlaDl0dDdtTWlUQ0pvdEFoMjVyWEhCTTZzSFQ3eApwL2tDMzFFVGN1bU41VXdHeERBbzRWcU9QNE1QMnhRb1luRS9ueDFzOU1iR3VwNm5IOThObUdyaU54VU9BVmRVCnRGWnA5WWNOck16enNNT08rV3BkRnNZWG02dkFXdFBVbjhHNDljSXJlMDlCNktlTXpDSVJsWFdwS3FRVS9pZS8KRndJYkNQdG0zVTlDbVBmbTZXbEZIVEk9Ci0tLS0tRU5EIENFUlRJRklDQVRFLS0tLS0K"
              }
            ],
            "master_authorized_networks_config": [],
            "master_version": "1.33.5-gke.1201000",
            "mesh_certificates": [],
            "min_master_version": null,
            "monitoring_config": [
              {
                "advanced_datapath_observability_config": [
                  {
                    "enable_metrics": false,
                    "enable_relay": false,
                    "relay_mode": "DISABLED"
                  }
                ],
                "enable_components": [
                  "SYSTEM_COMPONENTS",
                  "DEPLOYMENT",
                  "STATEFULSET",
                  "JOBSET",
                  "STORAGE",
                  "HPA",
                  "POD",
                  "DAEMONSET",
                  "CADVISOR",
                  "KUBELET",
                  "DCGM"
                ],
                "managed_prometheus": [
                  {
                    "enabled": true
                  }
                ]
              }
            ],
            "monitoring_service": "monitoring.googleapis.com/kubernetes",
            "name": "devsu-demo-cluster",
            "network": "projects/devsu-examen/global/networks/default",
            "network_policy": [
              {
                "enabled": false,
                "provider": "PROVIDER_UNSPECIFIED"
              }
            ],
            "networking_mode": "VPC_NATIVE",
            "node_config": [],
            "node_locations": [
              "us-central1-a",
              "us-central1-b",
              "us-central1-c"
            ],
            "node_pool": [],
            "node_pool_auto_config": [
              {
                "network_tags": [],
                "node_kubelet_config": [
                  {
                    "insecure_kubelet_readonly_port_enabled": "FALSE"
                  }
                ],
                "resource_manager_tags": {}
              }
            ],
            "node_pool_defaults": [
              {
                "node_config_defaults": [
                  {
                    "containerd_config": [],
                    "insecure_kubelet_readonly_port_enabled": "FALSE",
                    "logging_variant": "DEFAULT"
                  }
                ]
              }
            ],
            "node_version": "1.33.5-gke.1201000",
            "notification_config": [
              {
                "pubsub": [
                  {
                    "enabled": false,
                    "filter": [],
                    "topic": ""
                  }
                ]
              }
            ],
            "operation": null,
            "private_cluster_config": [
              {
                "enable_private_endpoint": false,
                "enable_private_nodes": false,
                "master_global_access_config": [
                  {
                    "enabled": false
                  }
                ],
                "master_ipv4_cidr_block": "",
                "peering_name": "",
                "private_endpoint": "10.128.0.15",
                "private_endpoint_subnetwork": "",
                "public_endpoint": "34.123.154.205"
              }
            ],
            "private_ipv6_google_access": "",
            "project": "devsu-examen",
            "release_channel": [
              {
                "channel": "REGULAR"
              }
            ],
            "remove_default_node_pool": true,
            "resource_labels": null,
            "resource_usage_export_config": [],
            "security_posture_config": [
              {
                "mode": "BASIC",
                "vulnerability_mode": "VULNERABILITY_MODE_UNSPECIFIED"
              }
            ],
            "self_link": "https://container.googleapis.com/v1/projects/devsu-examen/locations/us-central1/clusters/devsu-demo-cluster",
            "service_external_ips_config": [
              {
                "enabled": false
              }
            ],
            "services_ipv4_cidr": "34.118.224.0/20",
            "subnetwork": "projects/devsu-examen/regions/us-central1/subnetworks/default",
            "timeouts": null,
            "tpu_ipv4_cidr_block": "",
            "vertical_pod_autoscaling": [],
            "workload_identity_config": []
          },
          "sensitive_attributes": [
            [
              {
                "type": "get_attr",
                "value": "master_auth"
              },
              {
                "type": "index",
                "value": {
                  "value": 0,
                  "type": "number"
                }
              },
              {
                "type": "get_attr",
                "value": "client_key"
              }
            ]
          ],
          "identity_schema_version": 0,
          "private": "eyJlMmJmYjczMC1lY2FhLTExZTYtOGY4OC0zNDM2M2JjN2M0YzAiOnsiY3JlYXRlIjoyNDAwMDAwMDAwMDAwLCJkZWxldGUiOjI0MDAwMDAwMDAwMDAsInJlYWQiOjI0MDAwMDAwMDAwMDAsInVwZGF0ZSI6MzYwMDAwMDAwMDAwMH0sInNjaGVtYV92ZXJzaW9uIjoiMiJ9"
        }
      ]
    },
    {
      "mode": "managed",
      "type": "google_container_node_pool",
      "name": "primary_nodes",
      "provider": "provider[\"registry.terraform.io/hashicorp/google\"]",
      "instances": [
        {
          "schema_version": 1,
          "attributes": {
            "autoscaling": [],
            "cluster": "devsu-demo-cluster",
            "id": "projects/devsu-examen/locations/us-central1/clusters/devsu-demo-cluster/nodePools/primary",
            "initial_node_count": 1,
            "instance_group_urls": [
              "https://www.googleapis.com/compute/v1/projects/devsu-examen/zones/us-central1-b/instanceGroupManagers/gke-devsu-demo-cluster-primary-8fbc9545-grp",
              "https://www.googleapis.com/compute/v1/projects/devsu-examen/zones/us-central1-c/instanceGroupManagers/gke-devsu-demo-cluster-primary-28f648f0-grp",
              "https://www.googleapis.com/compute/v1/projects/devsu-examen/zones/us-central1-a/instanceGroupManagers/gke-devsu-demo-cluster-primary-0da76bbe-grp"
            ],
            "location": "us-central1",
            "managed_instance_group_urls": [
              "https://www.googleapis.com/compute/v1/projects/devsu-examen/zones/us-central1-b/instanceGroups/gke-devsu-demo-cluster-primary-8fbc9545-grp",
              "https://www.googleapis.com/compute/v1/projects/devsu-examen/zones/us-central1-c/instanceGroups/gke-devsu-demo-cluster-primary-28f648f0-grp",
              "https://www.googleapis.com/compute/v1/projects/devsu-examen/zones/us-central1-a/instanceGroups/gke-devsu-demo-cluster-primary-0da76bbe-grp"
            ],
            "management": [
              {
                "auto_repair": true,
                "auto_upgrade": true
              }
            ],
            "max_pods_per_node": 110,
            "name": "primary",
            "name_prefix": "",
            "network_config": [
              {
                "additional_node_network_configs": [],
                "additional_pod_network_configs": [],
                "create_pod_range": false,
                "enable_private_nodes": false,
                "network_performance_config": [],
                "pod_cidr_overprovision_config": [],
                "pod_ipv4_cidr_block": "10.0.0.0/14",
                "pod_range": "gke-devsu-demo-cluster-pods-611a1e6b"
              }
            ],
            "node_config": [
              {
                "advanced_machine_features": [],
                "boot_disk_kms_key": "",
                "confidential_nodes": [],
                "containerd_config": [],
                "disk_size_gb": 100,
                "disk_type": "pd-balanced",
                "effective_taints": [],
                "enable_confidential_storage": false,
                "ephemeral_storage_local_ssd_config": [],
                "fast_socket": [],
                "gcfs_config": [],
                "guest_accelerator": [],
                "gvnic": [],
                "host_maintenance_policy": [],
                "image_type": "COS_CONTAINERD",
                "kubelet_config": [
                  {
                    "cpu_cfs_quota": false,
                    "cpu_cfs_quota_period": "",
                    "cpu_manager_policy": "",
                    "insecure_kubelet_readonly_port_enabled": "FALSE",
                    "pod_pids_limit": 0
                  }
                ],
                "labels": {},
                "linux_node_config": [],
                "local_nvme_ssd_block_config": [],
                "local_ssd_count": 0,
                "logging_variant": "DEFAULT",
                "machine_type": "e2-medium",
                "metadata": {
                  "disable-legacy-endpoints": "true"
                },
                "min_cpu_platform": "",
                "node_group": "",
                "oauth_scopes": [
                  "https://www.googleapis.com/auth/cloud-platform"
                ],
                "preemptible": false,
                "reservation_affinity": [],
                "resource_labels": {
                  "goog-gke-node-pool-provisioning-model": "on-demand"
                },
                "resource_manager_tags": null,
                "secondary_boot_disks": [],
                "service_account": "default",
                "shielded_instance_config": [
                  {
                    "enable_integrity_monitoring": true,
                    "enable_secure_boot": false
                  }
                ],
                "sole_tenant_config": [],
                "spot": false,
                "tags": null,
                "taint": [],
                "workload_metadata_config": []
              }
            ],
            "node_count": 1,
            "node_locations": [
              "us-central1-a",
              "us-central1-b",
              "us-central1-c"
            ],
            "operation": null,
            "placement_policy": [],
            "project": "devsu-examen",
            "queued_provisioning": [],
            "timeouts": null,
            "upgrade_settings": [
              {
                "blue_green_settings": [],
                "max_surge": 1,
                "max_unavailable": 0,
                "strategy": "SURGE"
              }
            ],
            "version": "1.33.5-gke.1201000"
          },
          "sensitive_attributes": [],
          "identity_schema_version": 0,
          "private": "eyJlMmJmYjczMC1lY2FhLTExZTYtOGY4OC0zNDM2M2JjN2M0YzAiOnsiY3JlYXRlIjoxODAwMDAwMDAwMDAwLCJkZWxldGUiOjE4MDAwMDAwMDAwMDAsInVwZGF0ZSI6MTgwMDAwMDAwMDAwMH0sInNjaGVtYV92ZXJzaW9uIjoiMSJ9",
          "dependencies": [
            "google_container_cluster.gke"
          ]
        }
      ]
    }
  ],
  "check_results": null
}
