{
  "version": 4,
  "terraform_version": "1.13.1",
  "serial": 36,
  "lineage": "f0648dce-5f57-2d06-e215-d649f3e762ef",
  "outputs": {
    "cluster_name": {
      "value": "devsu-demo-cluster",
      "type": "string"
    },
    "endpoint": {
      "value": "34.63.247.138",
      "type": "string"
    }
  },
  "resources": [
    {
      "mode": "managed",
      "type": "google_container_cluster",
      "name": "gke",
      "provider": "provider[\"registry.terraform.io/hashicorp/google\"]",
      "instances": [
        {
          "schema_version": 2,
          "attributes": {
            "addons_config": [
              {
                "cloudrun_config": [],
                "config_connector_config": [],
                "dns_cache_config": [],
                "gce_persistent_disk_csi_driver_config": [
                  {
                    "enabled": true
                  }
                ],
                "gcp_filestore_csi_driver_config": [],
                "gcs_fuse_csi_driver_config": [],
                "gke_backup_agent_config": [],
                "horizontal_pod_autoscaling": [],
                "http_load_balancing": [],
                "network_policy_config": [
                  {
                    "disabled": true
                  }
                ],
                "ray_operator_config": [],
                "stateful_ha_config": []
              }
            ],
            "allow_net_admin": null,
            "authenticator_groups_config": [],
            "binary_authorization": [
              {
                "enabled": false,
                "evaluation_mode": ""
              }
            ],
            "cluster_autoscaling": [
              {
                "auto_provisioning_defaults": [],
                "auto_provisioning_locations": [],
                "autoscaling_profile": "BALANCED",
                "enabled": false,
                "resource_limits": []
              }
            ],
            "cluster_ipv4_cidr": "10.16.0.0/14",
            "confidential_nodes": [],
            "cost_management_config": [],
            "database_encryption": [
              {
                "key_name": "",
                "state": "DECRYPTED"
              }
            ],
            "datapath_provider": "",
            "default_max_pods_per_node": 110,
            "default_snat_status": [
              {
                "disabled": false
              }
            ],
            "deletion_protection": false,
            "description": "",
            "dns_config": [],
            "enable_autopilot": false,
            "enable_cilium_clusterwide_network_policy": false,
            "enable_intranode_visibility": false,
            "enable_k8s_beta_apis": [],
            "enable_kubernetes_alpha": false,
            "enable_l4_ilb_subsetting": false,
            "enable_legacy_abac": false,
            "enable_multi_networking": false,
            "enable_shielded_nodes": true,
            "enable_tpu": false,
            "endpoint": "34.63.247.138",
            "fleet": [],
            "gateway_api_config": [],
            "id": "projects/devsu-examen/locations/us-central1/clusters/devsu-demo-cluster",
            "identity_service_config": [],
            "initial_node_count": 1,
            "ip_allocation_policy": [
              {
                "additional_pod_ranges_config": [],
                "cluster_ipv4_cidr_block": "10.16.0.0/14",
                "cluster_secondary_range_name": "gke-devsu-demo-cluster-pods-dcbb0022",
                "pod_cidr_overprovision_config": [
                  {
                    "disabled": false
                  }
                ],
                "services_ipv4_cidr_block": "34.118.224.0/20",
                "services_secondary_range_name": "",
                "stack_type": "IPV4"
              }
            ],
            "label_fingerprint": "a9dc16a7",
            "location": "us-central1",
            "logging_config": [
              {
                "enable_components": [
                  "SYSTEM_COMPONENTS",
                  "WORKLOADS"
                ]
              }
            ],
            "logging_service": "logging.googleapis.com/kubernetes",
            "maintenance_policy": [],
            "master_auth": [
              {
                "client_certificate": "",
                "client_certificate_config": [
                  {
                    "issue_client_certificate": false
                  }
                ],
                "client_key": "",
                "cluster_ca_certificate": "LS0tLS1CRUdJTiBDRVJUSUZJQ0FURS0tLS0tCk1JSUVMRENDQXBTZ0F3SUJBZ0lRTTIzV09WaFNCZVlMS01zWU1RL0NEekFOQmdrcWhraUc5dzBCQVFzRkFEQXYKTVMwd0t3WURWUVFERXlRNU1UTXdZVGxoTVMwMU5HWTRMVFEwWW1RdE9EWXpNaTAwTXprd01ESXhNbVF6WWpRdwpJQmNOTWpVeE1qQTNNRFkxTnpFMldoZ1BNakExTlRFeE16QXdOelUzTVRaYU1DOHhMVEFyQmdOVkJBTVRKRGt4Ck16QmhPV0V4TFRVMFpqZ3RORFJpWkMwNE5qTXlMVFF6T1RBd01qRXlaRE5pTkRDQ0FhSXdEUVlKS29aSWh2Y04KQVFFQkJRQURnZ0dQQURDQ0FZb0NnZ0dCQU1vNlhadTNzZ3JhazJhQjJVTHQxc1FWUzdKWnhOMHFOU0prbGdBUwpWbk9aWWxoTk8vRTMrMllaTHBPcWVnS1NyTlJDc0Z5R3ltWnN4RkppT0RiT3liWTRaZHkzTXZlRDd3ZXJJeHpaCmp4UEoyaEhmcFU3MlNhSCtKRVVwcWR0VGh4MlM1eEljbFhrSmVlYXdublNwWGtrMEUwREtWaUxVSVNwZkFJMEcKbU9ad2MydUFEaGMrWkNyVTJKV1g0Z0YyRFFZQzExcFZOK2p6aTZOeFVRZXdOMDhqSmZ1RXIvZEloNTZOcTJGbwpIWDRwSXE5N283WkhHNmN4Qk9EdTQ4MXpFOW1uSGVVcEZPRmNqMnV6WC9zS1czY2h4NStxdFFFY3o0U1BQMmk2ClZ3c09BVXR2cE9UaTdXcXZKYmVqL0premgxcGQyVUVENEJHRS9tcUlCNGhteTRhTCtyY0tYVmgrKzV5SDVmWmwKSWd4ejZwQlpZeGRMQ0QvR2dpVHR1WCtFKzJLdXc3ejV2dmdqU3h4ZWRuZmRYMXFjNm02MlN0YU1ZdVpXS0c3UApmM3hKdlRpNzkyQ0pTakhZbkViY0tHeXNYaVlXK1N3ejUwY0d6c0FoeXJTVXQ5YUV2YmF4TWQ4RzdSeitxRUNmCldiSkVCTkkxQXlYNEhZWWxiUmZpQWI4Rm1RSURBUUFCbzBJd1FEQU9CZ05WSFE4QkFmOEVCQU1DQWdRd0R3WUQKVlIwVEFRSC9CQVV3QXdFQi96QWRCZ05WSFE0RUZnUVV5T1d3ZG9DeXpIT3VUaGZiYmY1WmthRGNkVzR3RFFZSgpLb1pJaHZjTkFRRUxCUUFEZ2dHQkFITk9pQnNDd2Q1TXdoUmNPZHNVcUcreXdYVmYrdHk4Qlh6WmJhVU1yMkt5ClZWVFk2NXNIalQ0L01aSzN1bGlZQTBMTm1iUkFhamQvakt1WURPanZXVjYwb1YzWGdiRUo3MTUwQVpaZEFZZjgKQlJsalcxczJSc2xEdHFQUkFhbWpQMW1SQUJGQkpKVDdFWDRjanRwT2x6WjhWYVJEWjZKZTROS2haZjhqbTVOagptWUlKK0FjeWFEbVpyTHlhbnBPYVNrNGVuNXJ4VlF1RGJlbnlnbHdCQ1BjdHp1K01nZkZyb1pDRzkveXc3TGlBCkxIQnUzSFoyZUh2RVlmU2FId3JHUjdkR29WUHlVY2hPQUhJY0FHNlZOMU5DeHNXWlQyOVYzbGNmMGFGeWFsSW4KZG5UZzVubUEyd3BHSnhuSmFsOFdJMTZsWmRsbFRtL2FJcU43N0ZEeTBXeWVLR210bFFUck5aM3JuSVgveDE0MgowdTAvcmk1UkhIeUpSUFIyMDVUMnNyRS9mM2xDQ3JmSTNOWVluRE00bzg1MWtLQVJWWWFGRGRtelpFQW5Lc1JLCklBMTNJaUZpWS94bE1TZk52TGNYbDMvU1BiYk1kUkFoU3NLbzl3TmsrS0RUQUJSbnlmY3hJSmtBMDFYSU8wbXMKUmZWTUEvdEJpYlVEYm44dXlnYzhiZz09Ci0tLS0tRU5EIENFUlRJRklDQVRFLS0tLS0K"
              }
            ],
            "master_authorized_networks_config": [],
            "master_version": "1.33.5-gke.1201000",
            "mesh_certificates": [],
            "min_master_version": null,
            "monitoring_config": [
              {
                "advanced_datapath_observability_config": [
                  {
                    "enable_metrics": false,
                    "enable_relay": false,
                    "relay_mode": "DISABLED"
                  }
                ],
                "enable_components": [
                  "SYSTEM_COMPONENTS",
                  "JOBSET",
                  "STORAGE",
                  "HPA",
                  "POD",
                  "DAEMONSET",
                  "DEPLOYMENT",
                  "STATEFULSET",
                  "CADVISOR",
                  "KUBELET",
                  "DCGM"
                ],
                "managed_prometheus": [
                  {
                    "enabled": true
                  }
                ]
              }
            ],
            "monitoring_service": "monitoring.googleapis.com/kubernetes",
            "name": "devsu-demo-cluster",
            "network": "projects/devsu-examen/global/networks/default",
            "network_policy": [
              {
                "enabled": false,
                "provider": "PROVIDER_UNSPECIFIED"
              }
            ],
            "networking_mode": "VPC_NATIVE",
            "node_config": [],
            "node_locations": [
              "us-central1-b",
              "us-central1-c",
              "us-central1-f"
            ],
            "node_pool": [],
            "node_pool_auto_config": [
              {
                "network_tags": [],
                "node_kubelet_config": [
                  {
                    "insecure_kubelet_readonly_port_enabled": "FALSE"
                  }
                ],
                "resource_manager_tags": {}
              }
            ],
            "node_pool_defaults": [
              {
                "node_config_defaults": [
                  {
                    "containerd_config": [],
                    "insecure_kubelet_readonly_port_enabled": "FALSE",
                    "logging_variant": "DEFAULT"
                  }
                ]
              }
            ],
            "node_version": "1.33.5-gke.1201000",
            "notification_config": [
              {
                "pubsub": [
                  {
                    "enabled": false,
                    "filter": [],
                    "topic": ""
                  }
                ]
              }
            ],
            "operation": null,
            "private_cluster_config": [
              {
                "enable_private_endpoint": false,
                "enable_private_nodes": false,
                "master_global_access_config": [
                  {
                    "enabled": false
                  }
                ],
                "master_ipv4_cidr_block": "",
                "peering_name": "",
                "private_endpoint": "10.128.0.39",
                "private_endpoint_subnetwork": "",
                "public_endpoint": "34.63.247.138"
              }
            ],
            "private_ipv6_google_access": "",
            "project": "devsu-examen",
            "release_channel": [
              {
                "channel": "REGULAR"
              }
            ],
            "remove_default_node_pool": true,
            "resource_labels": null,
            "resource_usage_export_config": [],
            "security_posture_config": [
              {
                "mode": "BASIC",
                "vulnerability_mode": "VULNERABILITY_MODE_UNSPECIFIED"
              }
            ],
            "self_link": "https://container.googleapis.com/v1/projects/devsu-examen/locations/us-central1/clusters/devsu-demo-cluster",
            "service_external_ips_config": [
              {
                "enabled": false
              }
            ],
            "services_ipv4_cidr": "34.118.224.0/20",
            "subnetwork": "projects/devsu-examen/regions/us-central1/subnetworks/default",
            "timeouts": null,
            "tpu_ipv4_cidr_block": "",
            "vertical_pod_autoscaling": [],
            "workload_identity_config": []
          },
          "sensitive_attributes": [
            [
              {
                "type": "get_attr",
                "value": "master_auth"
              },
              {
                "type": "index",
                "value": {
                  "value": 0,
                  "type": "number"
                }
              },
              {
                "type": "get_attr",
                "value": "client_key"
              }
            ]
          ],
          "identity_schema_version": 0,
          "private": "eyJlMmJmYjczMC1lY2FhLTExZTYtOGY4OC0zNDM2M2JjN2M0YzAiOnsiY3JlYXRlIjoyNDAwMDAwMDAwMDAwLCJkZWxldGUiOjI0MDAwMDAwMDAwMDAsInJlYWQiOjI0MDAwMDAwMDAwMDAsInVwZGF0ZSI6MzYwMDAwMDAwMDAwMH0sInNjaGVtYV92ZXJzaW9uIjoiMiJ9"
        }
      ]
    },
    {
      "mode": "managed",
      "type": "google_container_node_pool",
      "name": "primary_nodes",
      "provider": "provider[\"registry.terraform.io/hashicorp/google\"]",
      "instances": [
        {
          "schema_version": 1,
          "attributes": {
            "autoscaling": [],
            "cluster": "devsu-demo-cluster",
            "id": "projects/devsu-examen/locations/us-central1/clusters/devsu-demo-cluster/nodePools/primary",
            "initial_node_count": 1,
            "instance_group_urls": [
              "https://www.googleapis.com/compute/v1/projects/devsu-examen/zones/us-central1-c/instanceGroupManagers/gke-devsu-demo-cluster-primary-67a6c33d-grp",
              "https://www.googleapis.com/compute/v1/projects/devsu-examen/zones/us-central1-b/instanceGroupManagers/gke-devsu-demo-cluster-primary-588dcd5e-grp",
              "https://www.googleapis.com/compute/v1/projects/devsu-examen/zones/us-central1-f/instanceGroupManagers/gke-devsu-demo-cluster-primary-3ca89677-grp"
            ],
            "location": "us-central1",
            "managed_instance_group_urls": [
              "https://www.googleapis.com/compute/v1/projects/devsu-examen/zones/us-central1-c/instanceGroups/gke-devsu-demo-cluster-primary-67a6c33d-grp",
              "https://www.googleapis.com/compute/v1/projects/devsu-examen/zones/us-central1-b/instanceGroups/gke-devsu-demo-cluster-primary-588dcd5e-grp",
              "https://www.googleapis.com/compute/v1/projects/devsu-examen/zones/us-central1-f/instanceGroups/gke-devsu-demo-cluster-primary-3ca89677-grp"
            ],
            "management": [
              {
                "auto_repair": true,
                "auto_upgrade": true
              }
            ],
            "max_pods_per_node": 110,
            "name": "primary",
            "name_prefix": "",
            "network_config": [
              {
                "additional_node_network_configs": [],
                "additional_pod_network_configs": [],
                "create_pod_range": false,
                "enable_private_nodes": false,
                "network_performance_config": [],
                "pod_cidr_overprovision_config": [],
                "pod_ipv4_cidr_block": "10.16.0.0/14",
                "pod_range": "gke-devsu-demo-cluster-pods-dcbb0022"
              }
            ],
            "node_config": [
              {
                "advanced_machine_features": [],
                "boot_disk_kms_key": "",
                "confidential_nodes": [],
                "containerd_config": [],
                "disk_size_gb": 100,
                "disk_type": "pd-balanced",
                "effective_taints": [],
                "enable_confidential_storage": false,
                "ephemeral_storage_local_ssd_config": [],
                "fast_socket": [],
                "gcfs_config": [],
                "guest_accelerator": [],
                "gvnic": [],
                "host_maintenance_policy": [],
                "image_type": "COS_CONTAINERD",
                "kubelet_config": [
                  {
                    "cpu_cfs_quota": false,
                    "cpu_cfs_quota_period": "",
                    "cpu_manager_policy": "",
                    "insecure_kubelet_readonly_port_enabled": "FALSE",
                    "pod_pids_limit": 0
                  }
                ],
                "labels": {},
                "linux_node_config": [],
                "local_nvme_ssd_block_config": [],
                "local_ssd_count": 0,
                "logging_variant": "DEFAULT",
                "machine_type": "e2-medium",
                "metadata": {
                  "disable-legacy-endpoints": "true"
                },
                "min_cpu_platform": "",
                "node_group": "",
                "oauth_scopes": [
                  "https://www.googleapis.com/auth/cloud-platform"
                ],
                "preemptible": false,
                "reservation_affinity": [],
                "resource_labels": {
                  "goog-gke-node-pool-provisioning-model": "on-demand"
                },
                "resource_manager_tags": null,
                "secondary_boot_disks": [],
                "service_account": "default",
                "shielded_instance_config": [
                  {
                    "enable_integrity_monitoring": true,
                    "enable_secure_boot": false
                  }
                ],
                "sole_tenant_config": [],
                "spot": false,
                "tags": null,
                "taint": [],
                "workload_metadata_config": []
              }
            ],
            "node_count": 1,
            "node_locations": [
              "us-central1-b",
              "us-central1-c",
              "us-central1-f"
            ],
            "operation": null,
            "placement_policy": [],
            "project": "devsu-examen",
            "queued_provisioning": [],
            "timeouts": null,
            "upgrade_settings": [
              {
                "blue_green_settings": [],
                "max_surge": 1,
                "max_unavailable": 0,
                "strategy": "SURGE"
              }
            ],
            "version": "1.33.5-gke.1201000"
          },
          "sensitive_attributes": [],
          "identity_schema_version": 0,
          "private": "eyJlMmJmYjczMC1lY2FhLTExZTYtOGY4OC0zNDM2M2JjN2M0YzAiOnsiY3JlYXRlIjoxODAwMDAwMDAwMDAwLCJkZWxldGUiOjE4MDAwMDAwMDAwMDAsInVwZGF0ZSI6MTgwMDAwMDAwMDAwMH0sInNjaGVtYV92ZXJzaW9uIjoiMSJ9",
          "dependencies": [
            "google_container_cluster.gke"
          ]
        }
      ]
    }
  ],
  "check_results": null
}
